
Microsoft Visual Studio Solution File, Format Version 12.00
# Visual Studio Version 16
VisualStudioVersion = 16.0.31424.327
MinimumVisualStudioVersion = 10.0.40219.1
Project("{FAE04EC0-301F-11D3-BF4B-00C04F79EFBC}") = "Telbot", "Telbot\Telbot.csproj", "{DCCC32B4-C841-4286-BFCD-1DE6288E1640}"
EndProject
Global
	GlobalSection(SolutionConfigurationPlatforms) = preSolution
		Debug|Any CPU = Debug|Any CPU
		Release|Any CPU = Release|Any CPU
	EndGlobalSection
	GlobalSection(ProjectConfigurationPlatforms) = postSolution
		{DCCC32B4-C841-4286-BFCD-1DE6288E1640}.Debug|Any CPU.ActiveCfg = Debug|Any CPU
		{DCCC32B4-C841-4286-BFCD-1DE6288E1640}.Debug|Any CPU.Build.0 = Debug|Any CPU
		{DCCC32B4-C841-4286-BFCD-1DE6288E1640}.Release|Any CPU.ActiveCfg = Release|Any CPU
		{DCCC32B4-C841-4286-BFCD-1DE6288E1640}.Release|Any CPU.Build.0 = Release|Any CPU
	EndGlobalSection
	GlobalSection(SolutionProperties) = preSolution
		HideSolutionNode = FALSE
	EndGlobalSection
	GlobalSection(ExtensibilityGlobals) = postSolution
		SolutionGuid = {DA417C48-9DAF-4B55-A465-0545EE816FF4}
	EndGlobalSection
EndGlobal
